// !$*UTF8*$!
{
	archiveVersion = 1;
	classes = {
	};
	objectVersion = 46;
	objects = {

/* Begin PBXBuildFile section */
		B3013902141ECBDB00ED0C08 /* CampingController.m in Sources */ = {isa = PBXBuildFile; fileRef = B3013900141ECBDB00ED0C08 /* CampingController.m */; };
		B3013903141ECBDB00ED0C08 /* CampingController.xib in Resources */ = {isa = PBXBuildFile; fileRef = B3013901141ECBDB00ED0C08 /* CampingController.xib */; };
		B3013908141ED30A00ED0C08 /* DirectionsController.m in Sources */ = {isa = PBXBuildFile; fileRef = B3013906141ED30900ED0C08 /* DirectionsController.m */; };
		B3013909141ED30A00ED0C08 /* DirectionsController.xib in Resources */ = {isa = PBXBuildFile; fileRef = B3013907141ED30900ED0C08 /* DirectionsController.xib */; };
		B3013910141EE04C00ED0C08 /* MapKit.framework in Frameworks */ = {isa = PBXBuildFile; fileRef = B301390E141EE00F00ED0C08 /* MapKit.framework */; };
		B3013914141EF51F00ED0C08 /* VolunteerController.m in Sources */ = {isa = PBXBuildFile; fileRef = B3013912141EF51D00ED0C08 /* VolunteerController.m */; };
		B3013915141EF51F00ED0C08 /* VolunteerController.xib in Resources */ = {isa = PBXBuildFile; fileRef = B3013913141EF51E00ED0C08 /* VolunteerController.xib */; };
		B3013919141EF85200ED0C08 /* GearSwapController.m in Sources */ = {isa = PBXBuildFile; fileRef = B3013917141EF85100ED0C08 /* GearSwapController.m */; };
		B301391A141EF85200ED0C08 /* GearSwapController.xib in Resources */ = {isa = PBXBuildFile; fileRef = B3013918141EF85200ED0C08 /* GearSwapController.xib */; };
		B3152AA614299B3500951B23 /* volunteer.html in Resources */ = {isa = PBXBuildFile; fileRef = B3152AA514299B3500951B23 /* volunteer.html */; };
		B3152AAC14299DE400951B23 /* tiles.mbtiles in Resources */ = {isa = PBXBuildFile; fileRef = B3152AAB14299DE400951B23 /* tiles.mbtiles */; };
		B3152AB7142AE64200951B23 /* greenButton.png in Resources */ = {isa = PBXBuildFile; fileRef = B3152AB5142AE64200951B23 /* greenButton.png */; };
		B3152AB8142AE64200951B23 /* greenButton@2x.png in Resources */ = {isa = PBXBuildFile; fileRef = B3152AB6142AE64200951B23 /* greenButton@2x.png */; };
		B3152ABB142AE65400951B23 /* yellowButton.png in Resources */ = {isa = PBXBuildFile; fileRef = B3152AB9142AE65400951B23 /* yellowButton.png */; };
		B3152ABC142AE65400951B23 /* yellowButton@2x.png in Resources */ = {isa = PBXBuildFile; fileRef = B3152ABA142AE65400951B23 /* yellowButton@2x.png */; };
		B32B144F14250CA7006A7B55 /* festival-logo.png in Resources */ = {isa = PBXBuildFile; fileRef = B32B144D14250CA7006A7B55 /* festival-logo.png */; };
		B32B145014250CA7006A7B55 /* festival-logo@2x.png in Resources */ = {isa = PBXBuildFile; fileRef = B32B144E14250CA7006A7B55 /* festival-logo@2x.png */; };
		B32B145214250F1A006A7B55 /* bg.png in Resources */ = {isa = PBXBuildFile; fileRef = B32B145114250F1A006A7B55 /* bg.png */; };
		B32B1454142510CB006A7B55 /* bg@2x.png in Resources */ = {isa = PBXBuildFile; fileRef = B32B1453142510CB006A7B55 /* bg@2x.png */; };
		B32EF82B1422BDED003ED498 /* sproket@2x.png in Resources */ = {isa = PBXBuildFile; fileRef = B32EF8291422BDED003ED498 /* sproket@2x.png */; };
		B32EF82C1422BDED003ED498 /* sproket.png in Resources */ = {isa = PBXBuildFile; fileRef = B32EF82A1422BDED003ED498 /* sproket.png */; };
		B37302C91426D23B004FF830 /* FestivalAnnotation.m in Sources */ = {isa = PBXBuildFile; fileRef = B37302C81426D23B004FF830 /* FestivalAnnotation.m */; };
		B37302CE1426D6E0004FF830 /* MapDetailController.m in Sources */ = {isa = PBXBuildFile; fileRef = B37302CC1426D6E0004FF830 /* MapDetailController.m */; };
		B37302CF1426D6E0004FF830 /* MapDetailController.xib in Resources */ = {isa = PBXBuildFile; fileRef = B37302CD1426D6E0004FF830 /* MapDetailController.xib */; };
		B37302F614281017004FF830 /* CoreLocation.framework in Frameworks */ = {isa = PBXBuildFile; fileRef = B37302F514281017004FF830 /* CoreLocation.framework */; };
		B37302F814281033004FF830 /* QuartzCore.framework in Frameworks */ = {isa = PBXBuildFile; fileRef = B37302F714281032004FF830 /* QuartzCore.framework */; };
		B37302FA14281051004FF830 /* libsqlite3.dylib in Frameworks */ = {isa = PBXBuildFile; fileRef = B37302F914281051004FF830 /* libsqlite3.dylib */; };
		B37302FF14281F7E004FF830 /* MapViewController.m in Sources */ = {isa = PBXBuildFile; fileRef = B37302FD14281F7D004FF830 /* MapViewController.m */; };
		B373030014281F7E004FF830 /* MapViewController.xib in Resources */ = {isa = PBXBuildFile; fileRef = B37302FE14281F7E004FF830 /* MapViewController.xib */; };
		B37303271428419B004FF830 /* libMapView.a in Frameworks */ = {isa = PBXBuildFile; fileRef = B373031F1428417C004FF830 /* libMapView.a */; };
		B3730332142990D1004FF830 /* VolunteerWebController.m in Sources */ = {isa = PBXBuildFile; fileRef = B3730330142990CD004FF830 /* VolunteerWebController.m */; };
		B3730333142990D1004FF830 /* VolunteerWebController.xib in Resources */ = {isa = PBXBuildFile; fileRef = B3730331142990CE004FF830 /* VolunteerWebController.xib */; };
		B39C986E14251CF900AB1CEB /* ScheduleController.m in Sources */ = {isa = PBXBuildFile; fileRef = B39C986D14251CF900AB1CEB /* ScheduleController.m */; };
		B39C98721425251700AB1CEB /* Schedule.plist in Resources */ = {isa = PBXBuildFile; fileRef = B39C98711425251700AB1CEB /* Schedule.plist */; };
		B39C98741425337500AB1CEB /* ScheduleCell.xib in Resources */ = {isa = PBXBuildFile; fileRef = B39C98731425337500AB1CEB /* ScheduleCell.xib */; };
		B3BC4147141988C400E70C20 /* UIKit.framework in Frameworks */ = {isa = PBXBuildFile; fileRef = B3BC4146141988C400E70C20 /* UIKit.framework */; };
		B3BC4149141988C400E70C20 /* Foundation.framework in Frameworks */ = {isa = PBXBuildFile; fileRef = B3BC4148141988C400E70C20 /* Foundation.framework */; };
		B3BC414B141988C400E70C20 /* CoreGraphics.framework in Frameworks */ = {isa = PBXBuildFile; fileRef = B3BC414A141988C400E70C20 /* CoreGraphics.framework */; };
		B3BC4151141988C400E70C20 /* InfoPlist.strings in Resources */ = {isa = PBXBuildFile; fileRef = B3BC414F141988C400E70C20 /* InfoPlist.strings */; };
		B3BC4153141988C400E70C20 /* main.m in Sources */ = {isa = PBXBuildFile; fileRef = B3BC4152141988C400E70C20 /* main.m */; };
		B3BC4157141988C400E70C20 /* SMB_FestivalAppDelegate.m in Sources */ = {isa = PBXBuildFile; fileRef = B3BC4156141988C400E70C20 /* SMB_FestivalAppDelegate.m */; };
		B3BC415A141988C400E70C20 /* MainWindow.xib in Resources */ = {isa = PBXBuildFile; fileRef = B3BC4158141988C400E70C20 /* MainWindow.xib */; };
		B3BC4162141988C400E70C20 /* SenTestingKit.framework in Frameworks */ = {isa = PBXBuildFile; fileRef = B3BC4161141988C400E70C20 /* SenTestingKit.framework */; };
		B3BC4163141988C400E70C20 /* UIKit.framework in Frameworks */ = {isa = PBXBuildFile; fileRef = B3BC4146141988C400E70C20 /* UIKit.framework */; };
		B3BC4164141988C400E70C20 /* Foundation.framework in Frameworks */ = {isa = PBXBuildFile; fileRef = B3BC4148141988C400E70C20 /* Foundation.framework */; };
		B3BC4165141988C400E70C20 /* CoreGraphics.framework in Frameworks */ = {isa = PBXBuildFile; fileRef = B3BC414A141988C400E70C20 /* CoreGraphics.framework */; };
		B3BC416D141988C400E70C20 /* InfoPlist.strings in Resources */ = {isa = PBXBuildFile; fileRef = B3BC416B141988C400E70C20 /* InfoPlist.strings */; };
		B3BC416F141988C400E70C20 /* SMB_FestivalTests.h in Resources */ = {isa = PBXBuildFile; fileRef = B3BC416E141988C400E70C20 /* SMB_FestivalTests.h */; };
		B3BC4171141988C400E70C20 /* SMB_FestivalTests.m in Sources */ = {isa = PBXBuildFile; fileRef = B3BC4170141988C400E70C20 /* SMB_FestivalTests.m */; };
		B3BC417D141989CC00E70C20 /* FestivalInfoMainController.m in Sources */ = {isa = PBXBuildFile; fileRef = B3BC417B141989CC00E70C20 /* FestivalInfoMainController.m */; };
		B3BC417E141989CC00E70C20 /* FestivalInfoMainController.xib in Resources */ = {isa = PBXBuildFile; fileRef = B3BC417C141989CC00E70C20 /* FestivalInfoMainController.xib */; };
		B3BC41861419A73D00E70C20 /* FestivalInfoViewController.m in Sources */ = {isa = PBXBuildFile; fileRef = B3BC41851419A73D00E70C20 /* FestivalInfoViewController.m */; };
		B3C459FB1425548100BBFC25 /* schedule-cell.png in Resources */ = {isa = PBXBuildFile; fileRef = B3C459FA1425548100BBFC25 /* schedule-cell.png */; };
		B3C459FE1425584E00BBFC25 /* schedule-cell-selected.png in Resources */ = {isa = PBXBuildFile; fileRef = B3C459FD1425584E00BBFC25 /* schedule-cell-selected.png */; };
		B3C45A0014255B1100BBFC25 /* schedule-header.png in Resources */ = {isa = PBXBuildFile; fileRef = B3C459FF14255B1100BBFC25 /* schedule-header.png */; };
		B3C45A0214255E0600BBFC25 /* schedule-cell-selected@2x.png in Resources */ = {isa = PBXBuildFile; fileRef = B3C45A0114255E0600BBFC25 /* schedule-cell-selected@2x.png */; };
		B3C45A0414255E1500BBFC25 /* schedule-cell@2x.png in Resources */ = {isa = PBXBuildFile; fileRef = B3C45A0314255E1500BBFC25 /* schedule-cell@2x.png */; };
		B3C45A0614255E2600BBFC25 /* schedule-header@2x.png in Resources */ = {isa = PBXBuildFile; fileRef = B3C45A0514255E2600BBFC25 /* schedule-header@2x.png */; };
		B3DAB00914256EED0037CED0 /* disclosure-icon.png in Resources */ = {isa = PBXBuildFile; fileRef = B3DAB00714256EED0037CED0 /* disclosure-icon.png */; };
		B3DAB00A14256EED0037CED0 /* disclosure-icon@2x.png in Resources */ = {isa = PBXBuildFile; fileRef = B3DAB00814256EED0037CED0 /* disclosure-icon@2x.png */; };
		B3DAB00F142575FC0037CED0 /* ScheduleDetailController.m in Sources */ = {isa = PBXBuildFile; fileRef = B3DAB00D142575FC0037CED0 /* ScheduleDetailController.m */; };
		B3DAB010142575FC0037CED0 /* ScheduleDetailController.xib in Resources */ = {isa = PBXBuildFile; fileRef = B3DAB00E142575FC0037CED0 /* ScheduleDetailController.xib */; };
		B3F2A9EA1422E8E800C9FA8B /* svbc@2x.png in Resources */ = {isa = PBXBuildFile; fileRef = B3F2A9E81422E8E800C9FA8B /* svbc@2x.png */; };
		B3F2A9EB1422E8E800C9FA8B /* svbc.png in Resources */ = {isa = PBXBuildFile; fileRef = B3F2A9E91422E8E800C9FA8B /* svbc.png */; };
		B3FB5B62141AE5550088037A /* GeneralInfoController.m in Sources */ = {isa = PBXBuildFile; fileRef = B3FB5B60141AE5550088037A /* GeneralInfoController.m */; };
		B3FB5B63141AE5550088037A /* GeneralInfoController.xib in Resources */ = {isa = PBXBuildFile; fileRef = B3FB5B61141AE5550088037A /* GeneralInfoController.xib */; };
		B3FB5B67141C3EF40088037A /* RegistrationController.m in Sources */ = {isa = PBXBuildFile; fileRef = B3FB5B65141C3EF30088037A /* RegistrationController.m */; };
		B3FB5B68141C3EF40088037A /* RegistrationController.xib in Resources */ = {isa = PBXBuildFile; fileRef = B3FB5B66141C3EF30088037A /* RegistrationController.xib */; };
		B3FB5B6C141C52080088037A /* RegistrationWebController.m in Sources */ = {isa = PBXBuildFile; fileRef = B3FB5B6A141C52070088037A /* RegistrationWebController.m */; };
		B3FB5B6D141C52080088037A /* RegistrationWebController.xib in Resources */ = {isa = PBXBuildFile; fileRef = B3FB5B6B141C52080088037A /* RegistrationWebController.xib */; };
/* End PBXBuildFile section */

/* Begin PBXContainerItemProxy section */
		B373031E1428417C004FF830 /* PBXContainerItemProxy */ = {
			isa = PBXContainerItemProxy;
			containerPortal = B373030E1428417B004FF830 /* MapView.xcodeproj */;
			proxyType = 2;
			remoteGlobalIDString = 17F31EFA1331050A00122B16;
			remoteInfo = MapView;
		};
		B37303201428417C004FF830 /* PBXContainerItemProxy */ = {
			isa = PBXContainerItemProxy;
			containerPortal = B373030E1428417B004FF830 /* MapView.xcodeproj */;
			proxyType = 2;
			remoteGlobalIDString = 17157D87133BBC8300E28941;
			remoteInfo = MapViewTests;
		};
		B37303221428417C004FF830 /* PBXContainerItemProxy */ = {
			isa = PBXContainerItemProxy;
			containerPortal = B373030E1428417B004FF830 /* MapView.xcodeproj */;
			proxyType = 2;
			remoteGlobalIDString = 2BF3078F0F8AC5C0007014EE;
			remoteInfo = "Unit Tests";
		};
		B37303251428418F004FF830 /* PBXContainerItemProxy */ = {
			isa = PBXContainerItemProxy;
			containerPortal = B373030E1428417B004FF830 /* MapView.xcodeproj */;
			proxyType = 1;
			remoteGlobalIDString = B8C974130E8A19B2007D16AD;
			remoteInfo = MapView;
		};
		B3BC4166141988C400E70C20 /* PBXContainerItemProxy */ = {
			isa = PBXContainerItemProxy;
			containerPortal = B3BC4139141988C300E70C20 /* Project object */;
			proxyType = 1;
			remoteGlobalIDString = B3BC4141141988C300E70C20;
			remoteInfo = "SMB Festival";
		};
/* End PBXContainerItemProxy section */

/* Begin PBXFileReference section */
		B30138FF141ECBDB00ED0C08 /* CampingController.h */ = {isa = PBXFileReference; fileEncoding = 4; lastKnownFileType = sourcecode.c.h; path = CampingController.h; sourceTree = "<group>"; };
		B3013900141ECBDB00ED0C08 /* CampingController.m */ = {isa = PBXFileReference; fileEncoding = 4; lastKnownFileType = sourcecode.c.objc; path = CampingController.m; sourceTree = "<group>"; };
		B3013901141ECBDB00ED0C08 /* CampingController.xib */ = {isa = PBXFileReference; fileEncoding = 4; lastKnownFileType = file.xib; path = CampingController.xib; sourceTree = "<group>"; };
		B3013905141ED30900ED0C08 /* DirectionsController.h */ = {isa = PBXFileReference; fileEncoding = 4; lastKnownFileType = sourcecode.c.h; path = DirectionsController.h; sourceTree = "<group>"; };
		B3013906141ED30900ED0C08 /* DirectionsController.m */ = {isa = PBXFileReference; fileEncoding = 4; lastKnownFileType = sourcecode.c.objc; path = DirectionsController.m; sourceTree = "<group>"; };
		B3013907141ED30900ED0C08 /* DirectionsController.xib */ = {isa = PBXFileReference; fileEncoding = 4; lastKnownFileType = file.xib; path = DirectionsController.xib; sourceTree = "<group>"; };
		B301390E141EE00F00ED0C08 /* MapKit.framework */ = {isa = PBXFileReference; lastKnownFileType = wrapper.framework; name = MapKit.framework; path = System/Library/Frameworks/MapKit.framework; sourceTree = SDKROOT; };
		B3013911141EF51D00ED0C08 /* VolunteerController.h */ = {isa = PBXFileReference; fileEncoding = 4; lastKnownFileType = sourcecode.c.h; path = VolunteerController.h; sourceTree = "<group>"; };
		B3013912141EF51D00ED0C08 /* VolunteerController.m */ = {isa = PBXFileReference; fileEncoding = 4; lastKnownFileType = sourcecode.c.objc; path = VolunteerController.m; sourceTree = "<group>"; };
		B3013913141EF51E00ED0C08 /* VolunteerController.xib */ = {isa = PBXFileReference; fileEncoding = 4; lastKnownFileType = file.xib; path = VolunteerController.xib; sourceTree = "<group>"; };
		B3013916141EF84F00ED0C08 /* GearSwapController.h */ = {isa = PBXFileReference; fileEncoding = 4; lastKnownFileType = sourcecode.c.h; path = GearSwapController.h; sourceTree = "<group>"; };
		B3013917141EF85100ED0C08 /* GearSwapController.m */ = {isa = PBXFileReference; fileEncoding = 4; lastKnownFileType = sourcecode.c.objc; path = GearSwapController.m; sourceTree = "<group>"; };
		B3013918141EF85200ED0C08 /* GearSwapController.xib */ = {isa = PBXFileReference; fileEncoding = 4; lastKnownFileType = file.xib; path = GearSwapController.xib; sourceTree = "<group>"; };
		B3152AA514299B3500951B23 /* volunteer.html */ = {isa = PBXFileReference; fileEncoding = 4; lastKnownFileType = text.html; path = volunteer.html; sourceTree = "<group>"; };
		B3152AAB14299DE400951B23 /* tiles.mbtiles */ = {isa = PBXFileReference; lastKnownFileType = file; path = tiles.mbtiles; sourceTree = "<group>"; };
		B3152AB5142AE64200951B23 /* greenButton.png */ = {isa = PBXFileReference; lastKnownFileType = image.png; path = greenButton.png; sourceTree = "<group>"; };
		B3152AB6142AE64200951B23 /* greenButton@2x.png */ = {isa = PBXFileReference; lastKnownFileType = image.png; path = "greenButton@2x.png"; sourceTree = "<group>"; };
		B3152AB9142AE65400951B23 /* yellowButton.png */ = {isa = PBXFileReference; lastKnownFileType = image.png; path = yellowButton.png; sourceTree = "<group>"; };
		B3152ABA142AE65400951B23 /* yellowButton@2x.png */ = {isa = PBXFileReference; lastKnownFileType = image.png; path = "yellowButton@2x.png"; sourceTree = "<group>"; };
		B32B144D14250CA7006A7B55 /* festival-logo.png */ = {isa = PBXFileReference; lastKnownFileType = image.png; path = "festival-logo.png"; sourceTree = "<group>"; };
		B32B144E14250CA7006A7B55 /* festival-logo@2x.png */ = {isa = PBXFileReference; lastKnownFileType = image.png; path = "festival-logo@2x.png"; sourceTree = "<group>"; };
		B32B145114250F1A006A7B55 /* bg.png */ = {isa = PBXFileReference; lastKnownFileType = image.png; path = bg.png; sourceTree = "<group>"; };
		B32B1453142510CB006A7B55 /* bg@2x.png */ = {isa = PBXFileReference; lastKnownFileType = image.png; path = "bg@2x.png"; sourceTree = "<group>"; };
		B32EF8291422BDED003ED498 /* sproket@2x.png */ = {isa = PBXFileReference; lastKnownFileType = image.png; path = "sproket@2x.png"; sourceTree = "<group>"; };
		B32EF82A1422BDED003ED498 /* sproket.png */ = {isa = PBXFileReference; lastKnownFileType = image.png; path = sproket.png; sourceTree = "<group>"; };
		B37302C71426D23B004FF830 /* FestivalAnnotation.h */ = {isa = PBXFileReference; fileEncoding = 4; lastKnownFileType = sourcecode.c.h; path = FestivalAnnotation.h; sourceTree = "<group>"; };
		B37302C81426D23B004FF830 /* FestivalAnnotation.m */ = {isa = PBXFileReference; fileEncoding = 4; lastKnownFileType = sourcecode.c.objc; path = FestivalAnnotation.m; sourceTree = "<group>"; };
		B37302CB1426D6E0004FF830 /* MapDetailController.h */ = {isa = PBXFileReference; fileEncoding = 4; lastKnownFileType = sourcecode.c.h; path = MapDetailController.h; sourceTree = "<group>"; };
		B37302CC1426D6E0004FF830 /* MapDetailController.m */ = {isa = PBXFileReference; fileEncoding = 4; lastKnownFileType = sourcecode.c.objc; path = MapDetailController.m; sourceTree = "<group>"; };
		B37302CD1426D6E0004FF830 /* MapDetailController.xib */ = {isa = PBXFileReference; fileEncoding = 4; lastKnownFileType = file.xib; path = MapDetailController.xib; sourceTree = "<group>"; };
		B37302F514281017004FF830 /* CoreLocation.framework */ = {isa = PBXFileReference; lastKnownFileType = wrapper.framework; name = CoreLocation.framework; path = System/Library/Frameworks/CoreLocation.framework; sourceTree = SDKROOT; };
		B37302F714281032004FF830 /* QuartzCore.framework */ = {isa = PBXFileReference; lastKnownFileType = wrapper.framework; name = QuartzCore.framework; path = System/Library/Frameworks/QuartzCore.framework; sourceTree = SDKROOT; };
		B37302F914281051004FF830 /* libsqlite3.dylib */ = {isa = PBXFileReference; lastKnownFileType = "compiled.mach-o.dylib"; name = libsqlite3.dylib; path = usr/lib/libsqlite3.dylib; sourceTree = SDKROOT; };
		B37302FC14281F7D004FF830 /* MapViewController.h */ = {isa = PBXFileReference; fileEncoding = 4; lastKnownFileType = sourcecode.c.h; path = MapViewController.h; sourceTree = "<group>"; };
		B37302FD14281F7D004FF830 /* MapViewController.m */ = {isa = PBXFileReference; fileEncoding = 4; lastKnownFileType = sourcecode.c.objc; path = MapViewController.m; sourceTree = "<group>"; };
		B37302FE14281F7E004FF830 /* MapViewController.xib */ = {isa = PBXFileReference; fileEncoding = 4; lastKnownFileType = file.xib; path = MapViewController.xib; sourceTree = "<group>"; };
		B373030E1428417B004FF830 /* MapView.xcodeproj */ = {isa = PBXFileReference; lastKnownFileType = "wrapper.pb-project"; name = MapView.xcodeproj; path = "../route-me/MapView/MapView.xcodeproj"; sourceTree = "<group>"; };
		B373032F142990CC004FF830 /* VolunteerWebController.h */ = {isa = PBXFileReference; fileEncoding = 4; lastKnownFileType = sourcecode.c.h; path = VolunteerWebController.h; sourceTree = "<group>"; };
		B3730330142990CD004FF830 /* VolunteerWebController.m */ = {isa = PBXFileReference; fileEncoding = 4; lastKnownFileType = sourcecode.c.objc; path = VolunteerWebController.m; sourceTree = "<group>"; };
		B3730331142990CE004FF830 /* VolunteerWebController.xib */ = {isa = PBXFileReference; fileEncoding = 4; lastKnownFileType = file.xib; path = VolunteerWebController.xib; sourceTree = "<group>"; };
		B39C986C14251CF900AB1CEB /* ScheduleController.h */ = {isa = PBXFileReference; fileEncoding = 4; lastKnownFileType = sourcecode.c.h; path = ScheduleController.h; sourceTree = "<group>"; };
		B39C986D14251CF900AB1CEB /* ScheduleController.m */ = {isa = PBXFileReference; fileEncoding = 4; lastKnownFileType = sourcecode.c.objc; path = ScheduleController.m; sourceTree = "<group>"; };
		B39C98711425251700AB1CEB /* Schedule.plist */ = {isa = PBXFileReference; fileEncoding = 4; lastKnownFileType = text.plist.xml; path = Schedule.plist; sourceTree = "<group>"; };
		B39C98731425337500AB1CEB /* ScheduleCell.xib */ = {isa = PBXFileReference; fileEncoding = 4; lastKnownFileType = file.xib; path = ScheduleCell.xib; sourceTree = "<group>"; };
		B3BC4142141988C300E70C20 /* SMB Festival.app */ = {isa = PBXFileReference; explicitFileType = wrapper.application; includeInIndex = 0; path = "SMB Festival.app"; sourceTree = BUILT_PRODUCTS_DIR; };
		B3BC4146141988C400E70C20 /* UIKit.framework */ = {isa = PBXFileReference; lastKnownFileType = wrapper.framework; name = UIKit.framework; path = System/Library/Frameworks/UIKit.framework; sourceTree = SDKROOT; };
		B3BC4148141988C400E70C20 /* Foundation.framework */ = {isa = PBXFileReference; lastKnownFileType = wrapper.framework; name = Foundation.framework; path = System/Library/Frameworks/Foundation.framework; sourceTree = SDKROOT; };
		B3BC414A141988C400E70C20 /* CoreGraphics.framework */ = {isa = PBXFileReference; lastKnownFileType = wrapper.framework; name = CoreGraphics.framework; path = System/Library/Frameworks/CoreGraphics.framework; sourceTree = SDKROOT; };
		B3BC414E141988C400E70C20 /* SMB Festival-Info.plist */ = {isa = PBXFileReference; lastKnownFileType = text.plist.xml; path = "SMB Festival-Info.plist"; sourceTree = "<group>"; };
		B3BC4150141988C400E70C20 /* en */ = {isa = PBXFileReference; lastKnownFileType = text.plist.strings; name = en; path = en.lproj/InfoPlist.strings; sourceTree = "<group>"; };
		B3BC4152141988C400E70C20 /* main.m */ = {isa = PBXFileReference; lastKnownFileType = sourcecode.c.objc; path = main.m; sourceTree = "<group>"; };
		B3BC4154141988C400E70C20 /* SMB Festival-Prefix.pch */ = {isa = PBXFileReference; lastKnownFileType = sourcecode.c.h; path = "SMB Festival-Prefix.pch"; sourceTree = "<group>"; };
		B3BC4155141988C400E70C20 /* SMB_FestivalAppDelegate.h */ = {isa = PBXFileReference; lastKnownFileType = sourcecode.c.h; path = SMB_FestivalAppDelegate.h; sourceTree = "<group>"; };
		B3BC4156141988C400E70C20 /* SMB_FestivalAppDelegate.m */ = {isa = PBXFileReference; lastKnownFileType = sourcecode.c.objc; path = SMB_FestivalAppDelegate.m; sourceTree = "<group>"; };
		B3BC4159141988C400E70C20 /* en */ = {isa = PBXFileReference; lastKnownFileType = file.xib; name = en; path = en.lproj/MainWindow.xib; sourceTree = "<group>"; };
		B3BC4160141988C400E70C20 /* SMB FestivalTests.octest */ = {isa = PBXFileReference; explicitFileType = wrapper.cfbundle; includeInIndex = 0; path = "SMB FestivalTests.octest"; sourceTree = BUILT_PRODUCTS_DIR; };
		B3BC4161141988C400E70C20 /* SenTestingKit.framework */ = {isa = PBXFileReference; lastKnownFileType = wrapper.framework; name = SenTestingKit.framework; path = Library/Frameworks/SenTestingKit.framework; sourceTree = DEVELOPER_DIR; };
		B3BC416A141988C400E70C20 /* SMB FestivalTests-Info.plist */ = {isa = PBXFileReference; lastKnownFileType = text.plist.xml; path = "SMB FestivalTests-Info.plist"; sourceTree = "<group>"; };
		B3BC416C141988C400E70C20 /* en */ = {isa = PBXFileReference; lastKnownFileType = text.plist.strings; name = en; path = en.lproj/InfoPlist.strings; sourceTree = "<group>"; };
		B3BC416E141988C400E70C20 /* SMB_FestivalTests.h */ = {isa = PBXFileReference; lastKnownFileType = sourcecode.c.h; path = SMB_FestivalTests.h; sourceTree = "<group>"; };
		B3BC4170141988C400E70C20 /* SMB_FestivalTests.m */ = {isa = PBXFileReference; lastKnownFileType = sourcecode.c.objc; path = SMB_FestivalTests.m; sourceTree = "<group>"; };
		B3BC417A141989CC00E70C20 /* FestivalInfoMainController.h */ = {isa = PBXFileReference; fileEncoding = 4; lastKnownFileType = sourcecode.c.h; path = FestivalInfoMainController.h; sourceTree = "<group>"; };
		B3BC417B141989CC00E70C20 /* FestivalInfoMainController.m */ = {isa = PBXFileReference; fileEncoding = 4; lastKnownFileType = sourcecode.c.objc; path = FestivalInfoMainController.m; sourceTree = "<group>"; };
		B3BC417C141989CC00E70C20 /* FestivalInfoMainController.xib */ = {isa = PBXFileReference; fileEncoding = 4; lastKnownFileType = file.xib; path = FestivalInfoMainController.xib; sourceTree = "<group>"; };
		B3BC41841419A73C00E70C20 /* FestivalInfoViewController.h */ = {isa = PBXFileReference; fileEncoding = 4; lastKnownFileType = sourcecode.c.h; path = FestivalInfoViewController.h; sourceTree = "<group>"; };
		B3BC41851419A73D00E70C20 /* FestivalInfoViewController.m */ = {isa = PBXFileReference; fileEncoding = 4; lastKnownFileType = sourcecode.c.objc; path = FestivalInfoViewController.m; sourceTree = "<group>"; };
		B3C459FA1425548100BBFC25 /* schedule-cell.png */ = {isa = PBXFileReference; lastKnownFileType = image.png; path = "schedule-cell.png"; sourceTree = "<group>"; };
		B3C459FD1425584E00BBFC25 /* schedule-cell-selected.png */ = {isa = PBXFileReference; lastKnownFileType = image.png; path = "schedule-cell-selected.png"; sourceTree = "<group>"; };
		B3C459FF14255B1100BBFC25 /* schedule-header.png */ = {isa = PBXFileReference; lastKnownFileType = image.png; path = "schedule-header.png"; sourceTree = "<group>"; };
		B3C45A0114255E0600BBFC25 /* schedule-cell-selected@2x.png */ = {isa = PBXFileReference; lastKnownFileType = image.png; path = "schedule-cell-selected@2x.png"; sourceTree = "<group>"; };
		B3C45A0314255E1500BBFC25 /* schedule-cell@2x.png */ = {isa = PBXFileReference; lastKnownFileType = image.png; path = "schedule-cell@2x.png"; sourceTree = "<group>"; };
		B3C45A0514255E2600BBFC25 /* schedule-header@2x.png */ = {isa = PBXFileReference; lastKnownFileType = image.png; path = "schedule-header@2x.png"; sourceTree = "<group>"; };
		B3DAB00714256EED0037CED0 /* disclosure-icon.png */ = {isa = PBXFileReference; lastKnownFileType = image.png; path = "disclosure-icon.png"; sourceTree = "<group>"; };
		B3DAB00814256EED0037CED0 /* disclosure-icon@2x.png */ = {isa = PBXFileReference; lastKnownFileType = image.png; path = "disclosure-icon@2x.png"; sourceTree = "<group>"; };
		B3DAB00C142575FC0037CED0 /* ScheduleDetailController.h */ = {isa = PBXFileReference; fileEncoding = 4; lastKnownFileType = sourcecode.c.h; path = ScheduleDetailController.h; sourceTree = "<group>"; };
		B3DAB00D142575FC0037CED0 /* ScheduleDetailController.m */ = {isa = PBXFileReference; fileEncoding = 4; lastKnownFileType = sourcecode.c.objc; path = ScheduleDetailController.m; sourceTree = "<group>"; };
		B3DAB00E142575FC0037CED0 /* ScheduleDetailController.xib */ = {isa = PBXFileReference; fileEncoding = 4; lastKnownFileType = file.xib; path = ScheduleDetailController.xib; sourceTree = "<group>"; };
		B3F2A9E81422E8E800C9FA8B /* svbc@2x.png */ = {isa = PBXFileReference; lastKnownFileType = image.png; path = "svbc@2x.png"; sourceTree = "<group>"; };
		B3F2A9E91422E8E800C9FA8B /* svbc.png */ = {isa = PBXFileReference; lastKnownFileType = image.png; path = svbc.png; sourceTree = "<group>"; };
		B3FB5B5F141AE5550088037A /* GeneralInfoController.h */ = {isa = PBXFileReference; fileEncoding = 4; lastKnownFileType = sourcecode.c.h; path = GeneralInfoController.h; sourceTree = "<group>"; };
		B3FB5B60141AE5550088037A /* GeneralInfoController.m */ = {isa = PBXFileReference; fileEncoding = 4; lastKnownFileType = sourcecode.c.objc; path = GeneralInfoController.m; sourceTree = "<group>"; };
		B3FB5B61141AE5550088037A /* GeneralInfoController.xib */ = {isa = PBXFileReference; fileEncoding = 4; lastKnownFileType = file.xib; path = GeneralInfoController.xib; sourceTree = "<group>"; };
		B3FB5B64141C3EF20088037A /* RegistrationController.h */ = {isa = PBXFileReference; fileEncoding = 4; lastKnownFileType = sourcecode.c.h; path = RegistrationController.h; sourceTree = "<group>"; };
		B3FB5B65141C3EF30088037A /* RegistrationController.m */ = {isa = PBXFileReference; fileEncoding = 4; lastKnownFileType = sourcecode.c.objc; path = RegistrationController.m; sourceTree = "<group>"; };
		B3FB5B66141C3EF30088037A /* RegistrationController.xib */ = {isa = PBXFileReference; fileEncoding = 4; lastKnownFileType = file.xib; path = RegistrationController.xib; sourceTree = "<group>"; };
		B3FB5B69141C52070088037A /* RegistrationWebController.h */ = {isa = PBXFileReference; fileEncoding = 4; lastKnownFileType = sourcecode.c.h; path = RegistrationWebController.h; sourceTree = "<group>"; };
		B3FB5B6A141C52070088037A /* RegistrationWebController.m */ = {isa = PBXFileReference; fileEncoding = 4; lastKnownFileType = sourcecode.c.objc; path = RegistrationWebController.m; sourceTree = "<group>"; };
		B3FB5B6B141C52080088037A /* RegistrationWebController.xib */ = {isa = PBXFileReference; fileEncoding = 4; lastKnownFileType = file.xib; path = RegistrationWebController.xib; sourceTree = "<group>"; };
/* End PBXFileReference section */

/* Begin PBXFrameworksBuildPhase section */
		B3BC413F141988C300E70C20 /* Frameworks */ = {
			isa = PBXFrameworksBuildPhase;
			buildActionMask = 2147483647;
			files = (
				B37303271428419B004FF830 /* libMapView.a in Frameworks */,
				B37302FA14281051004FF830 /* libsqlite3.dylib in Frameworks */,
				B37302F814281033004FF830 /* QuartzCore.framework in Frameworks */,
				B37302F614281017004FF830 /* CoreLocation.framework in Frameworks */,
				B3013910141EE04C00ED0C08 /* MapKit.framework in Frameworks */,
				B3BC4147141988C400E70C20 /* UIKit.framework in Frameworks */,
				B3BC4149141988C400E70C20 /* Foundation.framework in Frameworks */,
				B3BC414B141988C400E70C20 /* CoreGraphics.framework in Frameworks */,
			);
			runOnlyForDeploymentPostprocessing = 0;
		};
		B3BC415C141988C400E70C20 /* Frameworks */ = {
			isa = PBXFrameworksBuildPhase;
			buildActionMask = 2147483647;
			files = (
				B3BC4162141988C400E70C20 /* SenTestingKit.framework in Frameworks */,
				B3BC4163141988C400E70C20 /* UIKit.framework in Frameworks */,
				B3BC4164141988C400E70C20 /* Foundation.framework in Frameworks */,
				B3BC4165141988C400E70C20 /* CoreGraphics.framework in Frameworks */,
			);
			runOnlyForDeploymentPostprocessing = 0;
		};
/* End PBXFrameworksBuildPhase section */

/* Begin PBXGroup section */
		B32B145514251395006A7B55 /* plists */ = {
			isa = PBXGroup;
			children = (
				B39C98711425251700AB1CEB /* Schedule.plist */,
			);
			name = plists;
			sourceTree = "<group>";
		};
		B32EF8271422BDBA003ED498 /* Images */ = {
			isa = PBXGroup;
			children = (
				B3152AB9142AE65400951B23 /* yellowButton.png */,
				B3152ABA142AE65400951B23 /* yellowButton@2x.png */,
				B3152AB5142AE64200951B23 /* greenButton.png */,
				B3152AB6142AE64200951B23 /* greenButton@2x.png */,
				B3DAB00714256EED0037CED0 /* disclosure-icon.png */,
				B3DAB00814256EED0037CED0 /* disclosure-icon@2x.png */,
				B3C459FF14255B1100BBFC25 /* schedule-header.png */,
				B3C45A0514255E2600BBFC25 /* schedule-header@2x.png */,
				B3C459FA1425548100BBFC25 /* schedule-cell.png */,
				B3C45A0314255E1500BBFC25 /* schedule-cell@2x.png */,
				B3C459FD1425584E00BBFC25 /* schedule-cell-selected.png */,
				B3C45A0114255E0600BBFC25 /* schedule-cell-selected@2x.png */,
				B32B145114250F1A006A7B55 /* bg.png */,
				B32B1453142510CB006A7B55 /* bg@2x.png */,
				B32B144D14250CA7006A7B55 /* festival-logo.png */,
				B32B144E14250CA7006A7B55 /* festival-logo@2x.png */,
				B3F2A9E81422E8E800C9FA8B /* svbc@2x.png */,
				B3F2A9E91422E8E800C9FA8B /* svbc.png */,
				B32EF8291422BDED003ED498 /* sproket@2x.png */,
				B32EF82A1422BDED003ED498 /* sproket.png */,
			);
			name = Images;
			sourceTree = "<group>";
		};
		B373030F1428417B004FF830 /* Products */ = {
			isa = PBXGroup;
			children = (
				B373031F1428417C004FF830 /* libMapView.a */,
				B37303211428417C004FF830 /* MapViewTests.octest */,
				B37303231428417C004FF830 /* RM Unit Tests.app */,
			);
			name = Products;
			sourceTree = "<group>";
		};
		B373032814297273004FF830 /* map data */ = {
			isa = PBXGroup;
			children = (
				B3152AAB14299DE400951B23 /* tiles.mbtiles */,
			);
			name = "map data";
			sourceTree = "<group>";
		};
		B3730334142997A7004FF830 /* html */ = {
			isa = PBXGroup;
			children = (
				B3152AA514299B3500951B23 /* volunteer.html */,
			);
			name = html;
			sourceTree = "<group>";
		};
		B39C986B14251C7F00AB1CEB /* Schedule */ = {
			isa = PBXGroup;
			children = (
				B39C986C14251CF900AB1CEB /* ScheduleController.h */,
				B39C986D14251CF900AB1CEB /* ScheduleController.m */,
				B39C98731425337500AB1CEB /* ScheduleCell.xib */,
				B3DAB00C142575FC0037CED0 /* ScheduleDetailController.h */,
				B3DAB00D142575FC0037CED0 /* ScheduleDetailController.m */,
				B3DAB00E142575FC0037CED0 /* ScheduleDetailController.xib */,
			);
			name = Schedule;
			sourceTree = "<group>";
		};
		B3BC4137141988C300E70C20 = {
			isa = PBXGroup;
			children = (
				B373030E1428417B004FF830 /* MapView.xcodeproj */,
				B3BC414C141988C400E70C20 /* SMB Festival */,
				B3BC4168141988C400E70C20 /* SMB FestivalTests */,
				B3BC4145141988C300E70C20 /* Frameworks */,
				B3BC4143141988C300E70C20 /* Products */,
			);
			sourceTree = "<group>";
		};
		B3BC4143141988C300E70C20 /* Products */ = {
			isa = PBXGroup;
			children = (
				B3BC4142141988C300E70C20 /* SMB Festival.app */,
				B3BC4160141988C400E70C20 /* SMB FestivalTests.octest */,
			);
			name = Products;
			sourceTree = "<group>";
		};
		B3BC4145141988C300E70C20 /* Frameworks */ = {
			isa = PBXGroup;
			children = (
				B37302F914281051004FF830 /* libsqlite3.dylib */,
				B37302F714281032004FF830 /* QuartzCore.framework */,
				B37302F514281017004FF830 /* CoreLocation.framework */,
				B301390E141EE00F00ED0C08 /* MapKit.framework */,
				B3BC4146141988C400E70C20 /* UIKit.framework */,
				B3BC4148141988C400E70C20 /* Foundation.framework */,
				B3BC414A141988C400E70C20 /* CoreGraphics.framework */,
				B3BC4161141988C400E70C20 /* SenTestingKit.framework */,
			);
			name = Frameworks;
			sourceTree = "<group>";
		};
		B3BC414C141988C400E70C20 /* SMB Festival */ = {
			isa = PBXGroup;
			children = (
				B3730334142997A7004FF830 /* html */,
				B373032814297273004FF830 /* map data */,
				B32B145514251395006A7B55 /* plists */,
				B32EF8271422BDBA003ED498 /* Images */,
				B3BC4187141ADB5800E70C20 /* Festival Info */,
				B39C986B14251C7F00AB1CEB /* Schedule */,
				B3BC4156141988C400E70C20 /* SMB_FestivalAppDelegate.m */,
				B3BC4155141988C400E70C20 /* SMB_FestivalAppDelegate.h */,
				B3BC4158141988C400E70C20 /* MainWindow.xib */,
				B3BC414D141988C400E70C20 /* Supporting Files */,
			);
			path = "SMB Festival";
			sourceTree = "<group>";
		};
		B3BC414D141988C400E70C20 /* Supporting Files */ = {
			isa = PBXGroup;
			children = (
				B3BC414E141988C400E70C20 /* SMB Festival-Info.plist */,
				B3BC414F141988C400E70C20 /* InfoPlist.strings */,
				B3BC4152141988C400E70C20 /* main.m */,
				B3BC4154141988C400E70C20 /* SMB Festival-Prefix.pch */,
			);
			name = "Supporting Files";
			sourceTree = "<group>";
		};
		B3BC4168141988C400E70C20 /* SMB FestivalTests */ = {
			isa = PBXGroup;
			children = (
				B3BC416E141988C400E70C20 /* SMB_FestivalTests.h */,
				B3BC4170141988C400E70C20 /* SMB_FestivalTests.m */,
				B3BC4169141988C400E70C20 /* Supporting Files */,
			);
			path = "SMB FestivalTests";
			sourceTree = "<group>";
		};
		B3BC4169141988C400E70C20 /* Supporting Files */ = {
			isa = PBXGroup;
			children = (
				B3BC416A141988C400E70C20 /* SMB FestivalTests-Info.plist */,
				B3BC416B141988C400E70C20 /* InfoPlist.strings */,
			);
			name = "Supporting Files";
			sourceTree = "<group>";
		};
		B3BC4187141ADB5800E70C20 /* Festival Info */ = {
			isa = PBXGroup;
			children = (
				B3BC41841419A73C00E70C20 /* FestivalInfoViewController.h */,
				B3BC41851419A73D00E70C20 /* FestivalInfoViewController.m */,
				B3BC417A141989CC00E70C20 /* FestivalInfoMainController.h */,
				B3BC417B141989CC00E70C20 /* FestivalInfoMainController.m */,
				B3BC417C141989CC00E70C20 /* FestivalInfoMainController.xib */,
				B3FB5B5F141AE5550088037A /* GeneralInfoController.h */,
				B3FB5B60141AE5550088037A /* GeneralInfoController.m */,
				B3FB5B61141AE5550088037A /* GeneralInfoController.xib */,
				B3FB5B64141C3EF20088037A /* RegistrationController.h */,
				B3FB5B65141C3EF30088037A /* RegistrationController.m */,
				B3FB5B66141C3EF30088037A /* RegistrationController.xib */,
				B3FB5B69141C52070088037A /* RegistrationWebController.h */,
				B3FB5B6A141C52070088037A /* RegistrationWebController.m */,
				B3FB5B6B141C52080088037A /* RegistrationWebController.xib */,
				B30138FF141ECBDB00ED0C08 /* CampingController.h */,
				B3013900141ECBDB00ED0C08 /* CampingController.m */,
				B3013901141ECBDB00ED0C08 /* CampingController.xib */,
				B3013905141ED30900ED0C08 /* DirectionsController.h */,
				B3013906141ED30900ED0C08 /* DirectionsController.m */,
				B3013907141ED30900ED0C08 /* DirectionsController.xib */,
				B37302CB1426D6E0004FF830 /* MapDetailController.h */,
				B37302CC1426D6E0004FF830 /* MapDetailController.m */,
				B37302CD1426D6E0004FF830 /* MapDetailController.xib */,
				B37302C71426D23B004FF830 /* FestivalAnnotation.h */,
				B37302C81426D23B004FF830 /* FestivalAnnotation.m */,
				B3013911141EF51D00ED0C08 /* VolunteerController.h */,
				B3013912141EF51D00ED0C08 /* VolunteerController.m */,
				B3013913141EF51E00ED0C08 /* VolunteerController.xib */,
				B373032F142990CC004FF830 /* VolunteerWebController.h */,
				B3730330142990CD004FF830 /* VolunteerWebController.m */,
				B3730331142990CE004FF830 /* VolunteerWebController.xib */,
				B3013916141EF84F00ED0C08 /* GearSwapController.h */,
				B3013917141EF85100ED0C08 /* GearSwapController.m */,
				B3013918141EF85200ED0C08 /* GearSwapController.xib */,
				B37302FC14281F7D004FF830 /* MapViewController.h */,
				B37302FD14281F7D004FF830 /* MapViewController.m */,
				B37302FE14281F7E004FF830 /* MapViewController.xib */,
			);
			name = "Festival Info";
			sourceTree = "<group>";
		};
/* End PBXGroup section */

/* Begin PBXNativeTarget section */
		B3BC4141141988C300E70C20 /* SMB Festival */ = {
			isa = PBXNativeTarget;
			buildConfigurationList = B3BC4174141988C400E70C20 /* Build configuration list for PBXNativeTarget "SMB Festival" */;
			buildPhases = (
				B3BC413E141988C300E70C20 /* Sources */,
				B3BC413F141988C300E70C20 /* Frameworks */,
				B3BC4140141988C300E70C20 /* Resources */,
			);
			buildRules = (
			);
			dependencies = (
				B37303261428418F004FF830 /* PBXTargetDependency */,
			);
			name = "SMB Festival";
			productName = "SMB Festival";
			productReference = B3BC4142141988C300E70C20 /* SMB Festival.app */;
			productType = "com.apple.product-type.application";
		};
		B3BC415F141988C400E70C20 /* SMB FestivalTests */ = {
			isa = PBXNativeTarget;
			buildConfigurationList = B3BC4177141988C400E70C20 /* Build configuration list for PBXNativeTarget "SMB FestivalTests" */;
			buildPhases = (
				B3BC415B141988C400E70C20 /* Sources */,
				B3BC415C141988C400E70C20 /* Frameworks */,
				B3BC415D141988C400E70C20 /* Resources */,
				B3BC415E141988C400E70C20 /* ShellScript */,
			);
			buildRules = (
			);
			dependencies = (
				B3BC4167141988C400E70C20 /* PBXTargetDependency */,
			);
			name = "SMB FestivalTests";
			productName = "SMB FestivalTests";
			productReference = B3BC4160141988C400E70C20 /* SMB FestivalTests.octest */;
			productType = "com.apple.product-type.bundle";
		};
/* End PBXNativeTarget section */

/* Begin PBXProject section */
		B3BC4139141988C300E70C20 /* Project object */ = {
			isa = PBXProject;
			attributes = {
				LastUpgradeCheck = 0410;
				ORGANIZATIONNAME = "Ideas for Stuff";
			};
			buildConfigurationList = B3BC413C141988C300E70C20 /* Build configuration list for PBXProject "SMB Festival" */;
			compatibilityVersion = "Xcode 3.2";
			developmentRegion = English;
			hasScannedForEncodings = 0;
			knownRegions = (
				en,
			);
			mainGroup = B3BC4137141988C300E70C20;
			productRefGroup = B3BC4143141988C300E70C20 /* Products */;
			projectDirPath = "";
			projectReferences = (
				{
					ProductGroup = B373030F1428417B004FF830 /* Products */;
					ProjectRef = B373030E1428417B004FF830 /* MapView.xcodeproj */;
				},
			);
			projectRoot = "";
			targets = (
				B3BC4141141988C300E70C20 /* SMB Festival */,
				B3BC415F141988C400E70C20 /* SMB FestivalTests */,
			);
		};
/* End PBXProject section */

/* Begin PBXReferenceProxy section */
		B373031F1428417C004FF830 /* libMapView.a */ = {
			isa = PBXReferenceProxy;
			fileType = archive.ar;
			path = libMapView.a;
			remoteRef = B373031E1428417C004FF830 /* PBXContainerItemProxy */;
			sourceTree = BUILT_PRODUCTS_DIR;
		};
		B37303211428417C004FF830 /* MapViewTests.octest */ = {
			isa = PBXReferenceProxy;
			fileType = wrapper.cfbundle;
			path = MapViewTests.octest;
			remoteRef = B37303201428417C004FF830 /* PBXContainerItemProxy */;
			sourceTree = BUILT_PRODUCTS_DIR;
		};
		B37303231428417C004FF830 /* RM Unit Tests.app */ = {
			isa = PBXReferenceProxy;
			fileType = wrapper.application;
			path = "RM Unit Tests.app";
			remoteRef = B37303221428417C004FF830 /* PBXContainerItemProxy */;
			sourceTree = BUILT_PRODUCTS_DIR;
		};
/* End PBXReferenceProxy section */

/* Begin PBXResourcesBuildPhase section */
		B3BC4140141988C300E70C20 /* Resources */ = {
			isa = PBXResourcesBuildPhase;
			buildActionMask = 2147483647;
			files = (
				B3BC4151141988C400E70C20 /* InfoPlist.strings in Resources */,
				B3BC415A141988C400E70C20 /* MainWindow.xib in Resources */,
				B3BC417E141989CC00E70C20 /* FestivalInfoMainController.xib in Resources */,
				B3FB5B63141AE5550088037A /* GeneralInfoController.xib in Resources */,
				B3FB5B68141C3EF40088037A /* RegistrationController.xib in Resources */,
				B3FB5B6D141C52080088037A /* RegistrationWebController.xib in Resources */,
				B3013903141ECBDB00ED0C08 /* CampingController.xib in Resources */,
				B3013909141ED30A00ED0C08 /* DirectionsController.xib in Resources */,
				B3013915141EF51F00ED0C08 /* VolunteerController.xib in Resources */,
				B301391A141EF85200ED0C08 /* GearSwapController.xib in Resources */,
				B32EF82B1422BDED003ED498 /* sproket@2x.png in Resources */,
				B32EF82C1422BDED003ED498 /* sproket.png in Resources */,
				B3F2A9EA1422E8E800C9FA8B /* svbc@2x.png in Resources */,
				B3F2A9EB1422E8E800C9FA8B /* svbc.png in Resources */,
				B32B144F14250CA7006A7B55 /* festival-logo.png in Resources */,
				B32B145014250CA7006A7B55 /* festival-logo@2x.png in Resources */,
				B32B145214250F1A006A7B55 /* bg.png in Resources */,
				B32B1454142510CB006A7B55 /* bg@2x.png in Resources */,
				B39C98721425251700AB1CEB /* Schedule.plist in Resources */,
				B39C98741425337500AB1CEB /* ScheduleCell.xib in Resources */,
				B3C459FB1425548100BBFC25 /* schedule-cell.png in Resources */,
				B3C459FE1425584E00BBFC25 /* schedule-cell-selected.png in Resources */,
				B3C45A0014255B1100BBFC25 /* schedule-header.png in Resources */,
				B3C45A0214255E0600BBFC25 /* schedule-cell-selected@2x.png in Resources */,
				B3C45A0414255E1500BBFC25 /* schedule-cell@2x.png in Resources */,
				B3C45A0614255E2600BBFC25 /* schedule-header@2x.png in Resources */,
				B3DAB00914256EED0037CED0 /* disclosure-icon.png in Resources */,
				B3DAB00A14256EED0037CED0 /* disclosure-icon@2x.png in Resources */,
				B3DAB010142575FC0037CED0 /* ScheduleDetailController.xib in Resources */,
				B37302CF1426D6E0004FF830 /* MapDetailController.xib in Resources */,
				B373030014281F7E004FF830 /* MapViewController.xib in Resources */,
				B3730333142990D1004FF830 /* VolunteerWebController.xib in Resources */,
				B3152AA614299B3500951B23 /* volunteer.html in Resources */,
				B3152AAC14299DE400951B23 /* tiles.mbtiles in Resources */,
				B3152AB7142AE64200951B23 /* greenButton.png in Resources */,
				B3152AB8142AE64200951B23 /* greenButton@2x.png in Resources */,
				B3152ABB142AE65400951B23 /* yellowButton.png in Resources */,
				B3152ABC142AE65400951B23 /* yellowButton@2x.png in Resources */,
			);
			runOnlyForDeploymentPostprocessing = 0;
		};
		B3BC415D141988C400E70C20 /* Resources */ = {
			isa = PBXResourcesBuildPhase;
			buildActionMask = 2147483647;
			files = (
				B3BC416D141988C400E70C20 /* InfoPlist.strings in Resources */,
				B3BC416F141988C400E70C20 /* SMB_FestivalTests.h in Resources */,
			);
			runOnlyForDeploymentPostprocessing = 0;
		};
/* End PBXResourcesBuildPhase section */

/* Begin PBXShellScriptBuildPhase section */
		B3BC415E141988C400E70C20 /* ShellScript */ = {
			isa = PBXShellScriptBuildPhase;
			buildActionMask = 2147483647;
			files = (
			);
			inputPaths = (
			);
			outputPaths = (
			);
			runOnlyForDeploymentPostprocessing = 0;
			shellPath = /bin/sh;
			shellScript = "# Run the unit tests in this test bundle.\n\"${SYSTEM_DEVELOPER_DIR}/Tools/RunUnitTests\"\n";
		};
/* End PBXShellScriptBuildPhase section */

/* Begin PBXSourcesBuildPhase section */
		B3BC413E141988C300E70C20 /* Sources */ = {
			isa = PBXSourcesBuildPhase;
			buildActionMask = 2147483647;
			files = (
				B3BC4153141988C400E70C20 /* main.m in Sources */,
				B3BC4157141988C400E70C20 /* SMB_FestivalAppDelegate.m in Sources */,
				B3BC417D141989CC00E70C20 /* FestivalInfoMainController.m in Sources */,
				B3BC41861419A73D00E70C20 /* FestivalInfoViewController.m in Sources */,
				B3FB5B62141AE5550088037A /* GeneralInfoController.m in Sources */,
				B3FB5B67141C3EF40088037A /* RegistrationController.m in Sources */,
				B3FB5B6C141C52080088037A /* RegistrationWebController.m in Sources */,
				B3013902141ECBDB00ED0C08 /* CampingController.m in Sources */,
				B3013908141ED30A00ED0C08 /* DirectionsController.m in Sources */,
				B3013914141EF51F00ED0C08 /* VolunteerController.m in Sources */,
				B3013919141EF85200ED0C08 /* GearSwapController.m in Sources */,
				B39C986E14251CF900AB1CEB /* ScheduleController.m in Sources */,
				B3DAB00F142575FC0037CED0 /* ScheduleDetailController.m in Sources */,
				B37302C91426D23B004FF830 /* FestivalAnnotation.m in Sources */,
				B37302CE1426D6E0004FF830 /* MapDetailController.m in Sources */,
				B37302FF14281F7E004FF830 /* MapViewController.m in Sources */,
				B3730332142990D1004FF830 /* VolunteerWebController.m in Sources */,
			);
			runOnlyForDeploymentPostprocessing = 0;
		};
		B3BC415B141988C400E70C20 /* Sources */ = {
			isa = PBXSourcesBuildPhase;
			buildActionMask = 2147483647;
			files = (
				B3BC4171141988C400E70C20 /* SMB_FestivalTests.m in Sources */,
			);
			runOnlyForDeploymentPostprocessing = 0;
		};
/* End PBXSourcesBuildPhase section */

/* Begin PBXTargetDependency section */
		B37303261428418F004FF830 /* PBXTargetDependency */ = {
			isa = PBXTargetDependency;
			name = MapView;
			targetProxy = B37303251428418F004FF830 /* PBXContainerItemProxy */;
		};
		B3BC4167141988C400E70C20 /* PBXTargetDependency */ = {
			isa = PBXTargetDependency;
			target = B3BC4141141988C300E70C20 /* SMB Festival */;
			targetProxy = B3BC4166141988C400E70C20 /* PBXContainerItemProxy */;
		};
/* End PBXTargetDependency section */

/* Begin PBXVariantGroup section */
		B3BC414F141988C400E70C20 /* InfoPlist.strings */ = {
			isa = PBXVariantGroup;
			children = (
				B3BC4150141988C400E70C20 /* en */,
			);
			name = InfoPlist.strings;
			sourceTree = "<group>";
		};
		B3BC4158141988C400E70C20 /* MainWindow.xib */ = {
			isa = PBXVariantGroup;
			children = (
				B3BC4159141988C400E70C20 /* en */,
			);
			name = MainWindow.xib;
			sourceTree = "<group>";
		};
		B3BC416B141988C400E70C20 /* InfoPlist.strings */ = {
			isa = PBXVariantGroup;
			children = (
				B3BC416C141988C400E70C20 /* en */,
			);
			name = InfoPlist.strings;
			sourceTree = "<group>";
		};
/* End PBXVariantGroup section */

/* Begin XCBuildConfiguration section */
		B3BC4172141988C400E70C20 /* Debug */ = {
			isa = XCBuildConfiguration;
			buildSettings = {
				ALWAYS_SEARCH_USER_PATHS = NO;
				ARCHS = "$(ARCHS_STANDARD_32_BIT)";
				"CODE_SIGN_IDENTITY[sdk=iphoneos*]" = "iPhone Developer";
				COPY_PHASE_STRIP = NO;
				GCC_C_LANGUAGE_STANDARD = gnu99;
				GCC_DYNAMIC_NO_PIC = NO;
				GCC_OPTIMIZATION_LEVEL = 0;
				GCC_PREPROCESSOR_DEFINITIONS = (
					"DEBUG=1",
					"$(inherited)",
				);
				GCC_SYMBOLS_PRIVATE_EXTERN = NO;
				GCC_VERSION = com.apple.compilers.llvmgcc42;
				GCC_WARN_ABOUT_MISSING_PROTOTYPES = YES;
				GCC_WARN_ABOUT_RETURN_TYPE = YES;
				GCC_WARN_UNUSED_VARIABLE = YES;
				IPHONEOS_DEPLOYMENT_TARGET = 4.3;
				SDKROOT = iphoneos;
			};
			name = Debug;
		};
		B3BC4173141988C400E70C20 /* Release */ = {
			isa = XCBuildConfiguration;
			buildSettings = {
				ALWAYS_SEARCH_USER_PATHS = NO;
				ARCHS = "$(ARCHS_STANDARD_32_BIT)";
				"CODE_SIGN_IDENTITY[sdk=iphoneos*]" = "iPhone Developer";
				COPY_PHASE_STRIP = YES;
				GCC_C_LANGUAGE_STANDARD = gnu99;
				GCC_VERSION = com.apple.compilers.llvmgcc42;
				GCC_WARN_ABOUT_MISSING_PROTOTYPES = YES;
				GCC_WARN_ABOUT_RETURN_TYPE = YES;
				GCC_WARN_UNUSED_VARIABLE = YES;
				IPHONEOS_DEPLOYMENT_TARGET = 4.3;
				OTHER_CFLAGS = "-DNS_BLOCK_ASSERTIONS=1";
				SDKROOT = iphoneos;
				VALIDATE_PRODUCT = YES;
			};
			name = Release;
		};
		B3BC4175141988C400E70C20 /* Debug */ = {
			isa = XCBuildConfiguration;
			buildSettings = {
				GCC_PRECOMPILE_PREFIX_HEADER = YES;
				GCC_PREFIX_HEADER = "SMB Festival/SMB Festival-Prefix.pch";
				GCC_VERSION = com.apple.compilers.llvmgcc42;
				GENERATE_PROFILING_CODE = NO;
				"HEADER_SEARCH_PATHS[arch=*]" = "../route-me/MapView/**";
				INFOPLIST_FILE = "SMB Festival/SMB Festival-Info.plist";
				PRODUCT_NAME = "$(TARGET_NAME)";
				USER_HEADER_SEARCH_PATHS = "../route-me/MapView/**";
				WRAPPER_EXTENSION = app;
			};
			name = Debug;
		};
		B3BC4176141988C400E70C20 /* Release */ = {
			isa = XCBuildConfiguration;
			buildSettings = {
				GCC_PRECOMPILE_PREFIX_HEADER = YES;
				GCC_PREFIX_HEADER = "SMB Festival/SMB Festival-Prefix.pch";
				GCC_VERSION = com.apple.compilers.llvmgcc42;
				GENERATE_PROFILING_CODE = NO;
				"HEADER_SEARCH_PATHS[arch=*]" = "../route-me/MapView/**";
				INFOPLIST_FILE = "SMB Festival/SMB Festival-Info.plist";
				PRODUCT_NAME = "$(TARGET_NAME)";
				USER_HEADER_SEARCH_PATHS = "../route-me/MapView/**";
				WRAPPER_EXTENSION = app;
			};
			name = Release;
		};
		B3BC4178141988C400E70C20 /* Debug */ = {
			isa = XCBuildConfiguration;
			buildSettings = {
				BUNDLE_LOADER = "$(BUILT_PRODUCTS_DIR)/SMB Festival.app/SMB Festival";
				FRAMEWORK_SEARCH_PATHS = (
					"$(SDKROOT)/Developer/Library/Frameworks",
					"$(DEVELOPER_LIBRARY_DIR)/Frameworks",
				);
				GCC_PRECOMPILE_PREFIX_HEADER = YES;
				GCC_PREFIX_HEADER = "SMB Festival/SMB Festival-Prefix.pch";
				INFOPLIST_FILE = "SMB FestivalTests/SMB FestivalTests-Info.plist";
				PRODUCT_NAME = "$(TARGET_NAME)";
				TEST_HOST = "$(BUNDLE_LOADER)";
				WRAPPER_EXTENSION = octest;
			};
			name = Debug;
		};
		B3BC4179141988C400E70C20 /* Release */ = {
			isa = XCBuildConfiguration;
			buildSettings = {
				BUNDLE_LOADER = "$(BUILT_PRODUCTS_DIR)/SMB Festival.app/SMB Festival";
				FRAMEWORK_SEARCH_PATHS = (
					"$(SDKROOT)/Developer/Library/Frameworks",
					"$(DEVELOPER_LIBRARY_DIR)/Frameworks",
				);
				GCC_PRECOMPILE_PREFIX_HEADER = YES;
				GCC_PREFIX_HEADER = "SMB Festival/SMB Festival-Prefix.pch";
				INFOPLIST_FILE = "SMB FestivalTests/SMB FestivalTests-Info.plist";
				PRODUCT_NAME = "$(TARGET_NAME)";
				TEST_HOST = "$(BUNDLE_LOADER)";
				WRAPPER_EXTENSION = octest;
			};
			name = Release;
		};
/* End XCBuildConfiguration section */

/* Begin XCConfigurationList section */
		B3BC413C141988C300E70C20 /* Build configuration list for PBXProject "SMB Festival" */ = {
			isa = XCConfigurationList;
			buildConfigurations = (
				B3BC4172141988C400E70C20 /* Debug */,
				B3BC4173141988C400E70C20 /* Release */,
			);
			defaultConfigurationIsVisible = 0;
			defaultConfigurationName = Release;
		};
		B3BC4174141988C400E70C20 /* Build configuration list for PBXNativeTarget "SMB Festival" */ = {
			isa = XCConfigurationList;
			buildConfigurations = (
				B3BC4175141988C400E70C20 /* Debug */,
				B3BC4176141988C400E70C20 /* Release */,
			);
			defaultConfigurationIsVisible = 0;
			defaultConfigurationName = Release;
		};
		B3BC4177141988C400E70C20 /* Build configuration list for PBXNativeTarget "SMB FestivalTests" */ = {
			isa = XCConfigurationList;
			buildConfigurations = (
				B3BC4178141988C400E70C20 /* Debug */,
				B3BC4179141988C400E70C20 /* Release */,
			);
			defaultConfigurationIsVisible = 0;
			defaultConfigurationName = Release;
		};
/* End XCConfigurationList section */
	};
	rootObject = B3BC4139141988C300E70C20 /* Project object */;
}
